
Microsoft Visual Studio Solution File, Format Version 12.00
# Visual Studio Version 17
VisualStudioVersion = 17.7.34202.233
MinimumVisualStudioVersion = 10.0.40219.1
Project("{FAE04EC0-301F-11D3-BF4B-00C04F79EFBC}") = "TravelPal", "TravelPal\TravelPal.csproj", "{C41D2889-0F84-4E21-9699-4C64487F9121}"
EndProject
Global
	GlobalSection(SolutionConfigurationPlatforms) = preSolution
		Debug|Any CPU = Debug|Any CPU
		Release|Any CPU = Release|Any CPU
	EndGlobalSection
	GlobalSection(ProjectConfigurationPlatforms) = postSolution
		{C41D2889-0F84-4E21-9699-4C64487F9121}.Debug|Any CPU.ActiveCfg = Debug|Any CPU
		{C41D2889-0F84-4E21-9699-4C64487F9121}.Debug|Any CPU.Build.0 = Debug|Any CPU
		{C41D2889-0F84-4E21-9699-4C64487F9121}.Release|Any CPU.ActiveCfg = Release|Any CPU
		{C41D2889-0F84-4E21-9699-4C64487F9121}.Release|Any CPU.Build.0 = Release|Any CPU
	EndGlobalSection
	GlobalSection(SolutionProperties) = preSolution
		HideSolutionNode = FALSE
	EndGlobalSection
	GlobalSection(ExtensibilityGlobals) = postSolution
		SolutionGuid = {2B730DF6-7E01-4D7B-9F66-9AE128190A65}
	EndGlobalSection
EndGlobal
